
Microsoft Visual Studio Solution File, Format Version 12.00
# Visual Studio Version 17
VisualStudioVersion = 17.0.31903.59
MinimumVisualStudioVersion = 10.0.40219.1
Project("{2150E333-8FDC-42A3-9474-1A3956D46DE8}") = "UserAccess", "UserAccess", "{7854A0EB-7043-4152-914D-7C3B39026B37}"
EndProject
Project("{FAE04EC0-301F-11D3-BF4B-00C04F79EFBC}") = "User-Core", "UserAccess\User-Core\User-Core.csproj", "{7EA30B29-233B-4A20-B817-2C13249D954C}"
EndProject
Project("{FAE04EC0-301F-11D3-BF4B-00C04F79EFBC}") = "User-Api", "UserAccess\User-Api\User-Api.csproj", "{FA87BD5B-9A1B-4FB3-8E3F-D61F20BC6606}"
EndProject
Project("{2150E333-8FDC-42A3-9474-1A3956D46DE8}") = "Order", "Order", "{FDC21E20-CDBD-4471-84B5-04B48BB548D0}"
EndProject
Project("{FAE04EC0-301F-11D3-BF4B-00C04F79EFBC}") = "Order-Data", "Order\Order-Data\Order-Data.csproj", "{C36D5625-8C99-473C-AF09-2CD796CD0533}"
EndProject
Project("{FAE04EC0-301F-11D3-BF4B-00C04F79EFBC}") = "Order-Core", "Order\Order-Core\Order-Core.csproj", "{290F60EE-1936-4A3C-A38B-C402FCBC410B}"
EndProject
Project("{FAE04EC0-301F-11D3-BF4B-00C04F79EFBC}") = "Order-Api", "Order\Order-Api\Order-Api.csproj", "{849EC7FC-E606-4A1F-B62A-750EA7D8D91C}"
EndProject
Project("{2150E333-8FDC-42A3-9474-1A3956D46DE8}") = "Product", "Product", "{7D4BCC5A-80E1-4A10-A870-E6DBEB4B9A24}"
EndProject
Project("{FAE04EC0-301F-11D3-BF4B-00C04F79EFBC}") = "Product-Api", "Product\Product-Api\Product-Api.csproj", "{18DF6A8E-7F2B-4B2B-B944-4326F42756A2}"
EndProject
Project("{FAE04EC0-301F-11D3-BF4B-00C04F79EFBC}") = "Product-Core", "Product\Product-Core\Product-Core.csproj", "{2AF07D60-3295-408E-9BD9-CF829571906E}"
EndProject
Project("{FAE04EC0-301F-11D3-BF4B-00C04F79EFBC}") = "Product-Data", "Product\Product-Data\Product-Data.csproj", "{3852F0C1-B7A7-4840-8274-14DBE93B1D77}"
EndProject
Project("{2150E333-8FDC-42A3-9474-1A3956D46DE8}") = "Cart", "Cart", "{6E74D062-9EDB-48F1-942E-695D33145EDD}"
EndProject
Project("{FAE04EC0-301F-11D3-BF4B-00C04F79EFBC}") = "Cart-Data", "Cart\Cart-Data\Cart-Data.csproj", "{979E45F7-DA44-41E2-B345-2CE20E74F55F}"
EndProject
Project("{FAE04EC0-301F-11D3-BF4B-00C04F79EFBC}") = "Cart-Core", "Cart\Cart-Core\Cart-Core.csproj", "{1517E65A-D84C-4A2C-9967-1F6C0011216B}"
EndProject
Project("{FAE04EC0-301F-11D3-BF4B-00C04F79EFBC}") = "Cart-Api", "Cart\Cart-Api\Cart-Api.csproj", "{0484ECCC-08A5-44F9-AAAD-FF5A75D7B2F8}"
EndProject
Project("{FAE04EC0-301F-11D3-BF4B-00C04F79EFBC}") = "User-AzureFunctions", "UserAccess\User-AzureFunctions\User-AzureFunctions.csproj", "{BA1A93E3-367F-4404-9163-871530C62FA7}"
EndProject
Project("{2150E333-8FDC-42A3-9474-1A3956D46DE8}") = "UI", "UI", "{77212D4C-1DE1-4BBA-A7ED-6C83D10CEDC1}"
EndProject
Project("{FAE04EC0-301F-11D3-BF4B-00C04F79EFBC}") = "E-Commerce", "UI\E-Commerce\E-Commerce.csproj", "{21C2E1D7-0B36-4E84-8CD2-FE7D0ECB1E82}"
EndProject
Project("{FAE04EC0-301F-11D3-BF4B-00C04F79EFBC}") = "ApiServices", "UI\ApiServices\ApiServices.csproj", "{F08D2E51-A35A-4574-A1B0-EE8C6DC20598}"
EndProject
Project("{2150E333-8FDC-42A3-9474-1A3956D46DE8}") = "Consumers", "Consumers", "{43C4FF85-5B28-4A3E-9FB6-398E52D9FC35}"
EndProject
Project("{FAE04EC0-301F-11D3-BF4B-00C04F79EFBC}") = "Order-Service", "Consumers\Order-Service\Order-Service.csproj", "{CE97E8D4-12E9-4AFD-AA37-F20DEFD6271F}"
EndProject
Project("{FAE04EC0-301F-11D3-BF4B-00C04F79EFBC}") = "Notification-Service", "Consumers\Notification-Service\Notification-Service.csproj", "{6A92AC10-6D7C-4AF5-A860-D457D95B8731}"
EndProject
Project("{2150E333-8FDC-42A3-9474-1A3956D46DE8}") = "Shared", "Shared", "{7C882B71-0407-41B1-8038-791A8BE21778}"
EndProject
Project("{FAE04EC0-301F-11D3-BF4B-00C04F79EFBC}") = "App-Contracts", "Shared\App-Contracts\App-Contracts.csproj", "{020C25E7-3F93-4027-A953-30C4E424D67C}"
EndProject
Project("{FAE04EC0-301F-11D3-BF4B-00C04F79EFBC}") = "Logging", "Shared\Logging\Logging.csproj", "{72A67827-FBBE-4700-9893-15A951720107}"
EndProject
Project("{FAE04EC0-301F-11D3-BF4B-00C04F79EFBC}") = "User.Application", "UserAccess\User.Application\User.Application.csproj", "{30EDFAF0-F3FE-46B3-9B2E-FFAAF6EBAEF9}"
EndProject
Project("{FAE04EC0-301F-11D3-BF4B-00C04F79EFBC}") = "User.Infrastructure", "UserAccess\User.Infrastructure\User.Infrastructure.csproj", "{16E7A884-C956-4A81-8DE2-EA079928EFA5}"
EndProject
Project("{FAE04EC0-301F-11D3-BF4B-00C04F79EFBC}") = "Api-Common", "Shared\Api-Common\Api-Common.csproj", "{59EE9FCD-6CD9-46AC-9943-74620E17C847}"
EndProject
Project("{FAE04EC0-301F-11D3-BF4B-00C04F79EFBC}") = "Product-Application", "Product\Product-Application\Product-Application.csproj", "{5151F4E7-FC7D-446F-AC0E-D935C4CA532C}"
EndProject
Global
	GlobalSection(SolutionConfigurationPlatforms) = preSolution
		Debug|Any CPU = Debug|Any CPU
		Debug|x64 = Debug|x64
		Debug|x86 = Debug|x86
		Release|Any CPU = Release|Any CPU
		Release|x64 = Release|x64
		Release|x86 = Release|x86
	EndGlobalSection
	GlobalSection(ProjectConfigurationPlatforms) = postSolution
		{7EA30B29-233B-4A20-B817-2C13249D954C}.Debug|Any CPU.ActiveCfg = Debug|Any CPU
		{7EA30B29-233B-4A20-B817-2C13249D954C}.Debug|Any CPU.Build.0 = Debug|Any CPU
		{7EA30B29-233B-4A20-B817-2C13249D954C}.Debug|x64.ActiveCfg = Debug|Any CPU
		{7EA30B29-233B-4A20-B817-2C13249D954C}.Debug|x64.Build.0 = Debug|Any CPU
		{7EA30B29-233B-4A20-B817-2C13249D954C}.Debug|x86.ActiveCfg = Debug|Any CPU
		{7EA30B29-233B-4A20-B817-2C13249D954C}.Debug|x86.Build.0 = Debug|Any CPU
		{7EA30B29-233B-4A20-B817-2C13249D954C}.Release|Any CPU.ActiveCfg = Release|Any CPU
		{7EA30B29-233B-4A20-B817-2C13249D954C}.Release|Any CPU.Build.0 = Release|Any CPU
		{7EA30B29-233B-4A20-B817-2C13249D954C}.Release|x64.ActiveCfg = Release|Any CPU
		{7EA30B29-233B-4A20-B817-2C13249D954C}.Release|x64.Build.0 = Release|Any CPU
		{7EA30B29-233B-4A20-B817-2C13249D954C}.Release|x86.ActiveCfg = Release|Any CPU
		{7EA30B29-233B-4A20-B817-2C13249D954C}.Release|x86.Build.0 = Release|Any CPU
		{FA87BD5B-9A1B-4FB3-8E3F-D61F20BC6606}.Debug|Any CPU.ActiveCfg = Debug|Any CPU
		{FA87BD5B-9A1B-4FB3-8E3F-D61F20BC6606}.Debug|Any CPU.Build.0 = Debug|Any CPU
		{FA87BD5B-9A1B-4FB3-8E3F-D61F20BC6606}.Debug|x64.ActiveCfg = Debug|Any CPU
		{FA87BD5B-9A1B-4FB3-8E3F-D61F20BC6606}.Debug|x64.Build.0 = Debug|Any CPU
		{FA87BD5B-9A1B-4FB3-8E3F-D61F20BC6606}.Debug|x86.ActiveCfg = Debug|Any CPU
		{FA87BD5B-9A1B-4FB3-8E3F-D61F20BC6606}.Debug|x86.Build.0 = Debug|Any CPU
		{FA87BD5B-9A1B-4FB3-8E3F-D61F20BC6606}.Release|Any CPU.ActiveCfg = Release|Any CPU
		{FA87BD5B-9A1B-4FB3-8E3F-D61F20BC6606}.Release|Any CPU.Build.0 = Release|Any CPU
		{FA87BD5B-9A1B-4FB3-8E3F-D61F20BC6606}.Release|x64.ActiveCfg = Release|Any CPU
		{FA87BD5B-9A1B-4FB3-8E3F-D61F20BC6606}.Release|x64.Build.0 = Release|Any CPU
		{FA87BD5B-9A1B-4FB3-8E3F-D61F20BC6606}.Release|x86.ActiveCfg = Release|Any CPU
		{FA87BD5B-9A1B-4FB3-8E3F-D61F20BC6606}.Release|x86.Build.0 = Release|Any CPU
		{C36D5625-8C99-473C-AF09-2CD796CD0533}.Debug|Any CPU.ActiveCfg = Debug|Any CPU
		{C36D5625-8C99-473C-AF09-2CD796CD0533}.Debug|Any CPU.Build.0 = Debug|Any CPU
		{C36D5625-8C99-473C-AF09-2CD796CD0533}.Debug|x64.ActiveCfg = Debug|Any CPU
		{C36D5625-8C99-473C-AF09-2CD796CD0533}.Debug|x64.Build.0 = Debug|Any CPU
		{C36D5625-8C99-473C-AF09-2CD796CD0533}.Debug|x86.ActiveCfg = Debug|Any CPU
		{C36D5625-8C99-473C-AF09-2CD796CD0533}.Debug|x86.Build.0 = Debug|Any CPU
		{C36D5625-8C99-473C-AF09-2CD796CD0533}.Release|Any CPU.ActiveCfg = Release|Any CPU
		{C36D5625-8C99-473C-AF09-2CD796CD0533}.Release|Any CPU.Build.0 = Release|Any CPU
		{C36D5625-8C99-473C-AF09-2CD796CD0533}.Release|x64.ActiveCfg = Release|Any CPU
		{C36D5625-8C99-473C-AF09-2CD796CD0533}.Release|x64.Build.0 = Release|Any CPU
		{C36D5625-8C99-473C-AF09-2CD796CD0533}.Release|x86.ActiveCfg = Release|Any CPU
		{C36D5625-8C99-473C-AF09-2CD796CD0533}.Release|x86.Build.0 = Release|Any CPU
		{290F60EE-1936-4A3C-A38B-C402FCBC410B}.Debug|Any CPU.ActiveCfg = Debug|Any CPU
		{290F60EE-1936-4A3C-A38B-C402FCBC410B}.Debug|Any CPU.Build.0 = Debug|Any CPU
		{290F60EE-1936-4A3C-A38B-C402FCBC410B}.Debug|x64.ActiveCfg = Debug|Any CPU
		{290F60EE-1936-4A3C-A38B-C402FCBC410B}.Debug|x64.Build.0 = Debug|Any CPU
		{290F60EE-1936-4A3C-A38B-C402FCBC410B}.Debug|x86.ActiveCfg = Debug|Any CPU
		{290F60EE-1936-4A3C-A38B-C402FCBC410B}.Debug|x86.Build.0 = Debug|Any CPU
		{290F60EE-1936-4A3C-A38B-C402FCBC410B}.Release|Any CPU.ActiveCfg = Release|Any CPU
		{290F60EE-1936-4A3C-A38B-C402FCBC410B}.Release|Any CPU.Build.0 = Release|Any CPU
		{290F60EE-1936-4A3C-A38B-C402FCBC410B}.Release|x64.ActiveCfg = Release|Any CPU
		{290F60EE-1936-4A3C-A38B-C402FCBC410B}.Release|x64.Build.0 = Release|Any CPU
		{290F60EE-1936-4A3C-A38B-C402FCBC410B}.Release|x86.ActiveCfg = Release|Any CPU
		{290F60EE-1936-4A3C-A38B-C402FCBC410B}.Release|x86.Build.0 = Release|Any CPU
		{849EC7FC-E606-4A1F-B62A-750EA7D8D91C}.Debug|Any CPU.ActiveCfg = Debug|Any CPU
		{849EC7FC-E606-4A1F-B62A-750EA7D8D91C}.Debug|Any CPU.Build.0 = Debug|Any CPU
		{849EC7FC-E606-4A1F-B62A-750EA7D8D91C}.Debug|x64.ActiveCfg = Debug|Any CPU
		{849EC7FC-E606-4A1F-B62A-750EA7D8D91C}.Debug|x64.Build.0 = Debug|Any CPU
		{849EC7FC-E606-4A1F-B62A-750EA7D8D91C}.Debug|x86.ActiveCfg = Debug|Any CPU
		{849EC7FC-E606-4A1F-B62A-750EA7D8D91C}.Debug|x86.Build.0 = Debug|Any CPU
		{849EC7FC-E606-4A1F-B62A-750EA7D8D91C}.Release|Any CPU.ActiveCfg = Release|Any CPU
		{849EC7FC-E606-4A1F-B62A-750EA7D8D91C}.Release|Any CPU.Build.0 = Release|Any CPU
		{849EC7FC-E606-4A1F-B62A-750EA7D8D91C}.Release|x64.ActiveCfg = Release|Any CPU
		{849EC7FC-E606-4A1F-B62A-750EA7D8D91C}.Release|x64.Build.0 = Release|Any CPU
		{849EC7FC-E606-4A1F-B62A-750EA7D8D91C}.Release|x86.ActiveCfg = Release|Any CPU
		{849EC7FC-E606-4A1F-B62A-750EA7D8D91C}.Release|x86.Build.0 = Release|Any CPU
		{18DF6A8E-7F2B-4B2B-B944-4326F42756A2}.Debug|Any CPU.ActiveCfg = Debug|Any CPU
		{18DF6A8E-7F2B-4B2B-B944-4326F42756A2}.Debug|Any CPU.Build.0 = Debug|Any CPU
		{18DF6A8E-7F2B-4B2B-B944-4326F42756A2}.Debug|x64.ActiveCfg = Debug|Any CPU
		{18DF6A8E-7F2B-4B2B-B944-4326F42756A2}.Debug|x64.Build.0 = Debug|Any CPU
		{18DF6A8E-7F2B-4B2B-B944-4326F42756A2}.Debug|x86.ActiveCfg = Debug|Any CPU
		{18DF6A8E-7F2B-4B2B-B944-4326F42756A2}.Debug|x86.Build.0 = Debug|Any CPU
		{18DF6A8E-7F2B-4B2B-B944-4326F42756A2}.Release|Any CPU.ActiveCfg = Release|Any CPU
		{18DF6A8E-7F2B-4B2B-B944-4326F42756A2}.Release|Any CPU.Build.0 = Release|Any CPU
		{18DF6A8E-7F2B-4B2B-B944-4326F42756A2}.Release|x64.ActiveCfg = Release|Any CPU
		{18DF6A8E-7F2B-4B2B-B944-4326F42756A2}.Release|x64.Build.0 = Release|Any CPU
		{18DF6A8E-7F2B-4B2B-B944-4326F42756A2}.Release|x86.ActiveCfg = Release|Any CPU
		{18DF6A8E-7F2B-4B2B-B944-4326F42756A2}.Release|x86.Build.0 = Release|Any CPU
		{2AF07D60-3295-408E-9BD9-CF829571906E}.Debug|Any CPU.ActiveCfg = Debug|Any CPU
		{2AF07D60-3295-408E-9BD9-CF829571906E}.Debug|Any CPU.Build.0 = Debug|Any CPU
		{2AF07D60-3295-408E-9BD9-CF829571906E}.Debug|x64.ActiveCfg = Debug|Any CPU
		{2AF07D60-3295-408E-9BD9-CF829571906E}.Debug|x64.Build.0 = Debug|Any CPU
		{2AF07D60-3295-408E-9BD9-CF829571906E}.Debug|x86.ActiveCfg = Debug|Any CPU
		{2AF07D60-3295-408E-9BD9-CF829571906E}.Debug|x86.Build.0 = Debug|Any CPU
		{2AF07D60-3295-408E-9BD9-CF829571906E}.Release|Any CPU.ActiveCfg = Release|Any CPU
		{2AF07D60-3295-408E-9BD9-CF829571906E}.Release|Any CPU.Build.0 = Release|Any CPU
		{2AF07D60-3295-408E-9BD9-CF829571906E}.Release|x64.ActiveCfg = Release|Any CPU
		{2AF07D60-3295-408E-9BD9-CF829571906E}.Release|x64.Build.0 = Release|Any CPU
		{2AF07D60-3295-408E-9BD9-CF829571906E}.Release|x86.ActiveCfg = Release|Any CPU
		{2AF07D60-3295-408E-9BD9-CF829571906E}.Release|x86.Build.0 = Release|Any CPU
		{3852F0C1-B7A7-4840-8274-14DBE93B1D77}.Debug|Any CPU.ActiveCfg = Debug|Any CPU
		{3852F0C1-B7A7-4840-8274-14DBE93B1D77}.Debug|Any CPU.Build.0 = Debug|Any CPU
		{3852F0C1-B7A7-4840-8274-14DBE93B1D77}.Debug|x64.ActiveCfg = Debug|Any CPU
		{3852F0C1-B7A7-4840-8274-14DBE93B1D77}.Debug|x64.Build.0 = Debug|Any CPU
		{3852F0C1-B7A7-4840-8274-14DBE93B1D77}.Debug|x86.ActiveCfg = Debug|Any CPU
		{3852F0C1-B7A7-4840-8274-14DBE93B1D77}.Debug|x86.Build.0 = Debug|Any CPU
		{3852F0C1-B7A7-4840-8274-14DBE93B1D77}.Release|Any CPU.ActiveCfg = Release|Any CPU
		{3852F0C1-B7A7-4840-8274-14DBE93B1D77}.Release|Any CPU.Build.0 = Release|Any CPU
		{3852F0C1-B7A7-4840-8274-14DBE93B1D77}.Release|x64.ActiveCfg = Release|Any CPU
		{3852F0C1-B7A7-4840-8274-14DBE93B1D77}.Release|x64.Build.0 = Release|Any CPU
		{3852F0C1-B7A7-4840-8274-14DBE93B1D77}.Release|x86.ActiveCfg = Release|Any CPU
		{3852F0C1-B7A7-4840-8274-14DBE93B1D77}.Release|x86.Build.0 = Release|Any CPU
		{979E45F7-DA44-41E2-B345-2CE20E74F55F}.Debug|Any CPU.ActiveCfg = Debug|Any CPU
		{979E45F7-DA44-41E2-B345-2CE20E74F55F}.Debug|Any CPU.Build.0 = Debug|Any CPU
		{979E45F7-DA44-41E2-B345-2CE20E74F55F}.Debug|x64.ActiveCfg = Debug|Any CPU
		{979E45F7-DA44-41E2-B345-2CE20E74F55F}.Debug|x64.Build.0 = Debug|Any CPU
		{979E45F7-DA44-41E2-B345-2CE20E74F55F}.Debug|x86.ActiveCfg = Debug|Any CPU
		{979E45F7-DA44-41E2-B345-2CE20E74F55F}.Debug|x86.Build.0 = Debug|Any CPU
		{979E45F7-DA44-41E2-B345-2CE20E74F55F}.Release|Any CPU.ActiveCfg = Release|Any CPU
		{979E45F7-DA44-41E2-B345-2CE20E74F55F}.Release|Any CPU.Build.0 = Release|Any CPU
		{979E45F7-DA44-41E2-B345-2CE20E74F55F}.Release|x64.ActiveCfg = Release|Any CPU
		{979E45F7-DA44-41E2-B345-2CE20E74F55F}.Release|x64.Build.0 = Release|Any CPU
		{979E45F7-DA44-41E2-B345-2CE20E74F55F}.Release|x86.ActiveCfg = Release|Any CPU
		{979E45F7-DA44-41E2-B345-2CE20E74F55F}.Release|x86.Build.0 = Release|Any CPU
		{1517E65A-D84C-4A2C-9967-1F6C0011216B}.Debug|Any CPU.ActiveCfg = Debug|Any CPU
		{1517E65A-D84C-4A2C-9967-1F6C0011216B}.Debug|Any CPU.Build.0 = Debug|Any CPU
		{1517E65A-D84C-4A2C-9967-1F6C0011216B}.Debug|x64.ActiveCfg = Debug|Any CPU
		{1517E65A-D84C-4A2C-9967-1F6C0011216B}.Debug|x64.Build.0 = Debug|Any CPU
		{1517E65A-D84C-4A2C-9967-1F6C0011216B}.Debug|x86.ActiveCfg = Debug|Any CPU
		{1517E65A-D84C-4A2C-9967-1F6C0011216B}.Debug|x86.Build.0 = Debug|Any CPU
		{1517E65A-D84C-4A2C-9967-1F6C0011216B}.Release|Any CPU.ActiveCfg = Release|Any CPU
		{1517E65A-D84C-4A2C-9967-1F6C0011216B}.Release|Any CPU.Build.0 = Release|Any CPU
		{1517E65A-D84C-4A2C-9967-1F6C0011216B}.Release|x64.ActiveCfg = Release|Any CPU
		{1517E65A-D84C-4A2C-9967-1F6C0011216B}.Release|x64.Build.0 = Release|Any CPU
		{1517E65A-D84C-4A2C-9967-1F6C0011216B}.Release|x86.ActiveCfg = Release|Any CPU
		{1517E65A-D84C-4A2C-9967-1F6C0011216B}.Release|x86.Build.0 = Release|Any CPU
		{0484ECCC-08A5-44F9-AAAD-FF5A75D7B2F8}.Debug|Any CPU.ActiveCfg = Debug|Any CPU
		{0484ECCC-08A5-44F9-AAAD-FF5A75D7B2F8}.Debug|Any CPU.Build.0 = Debug|Any CPU
		{0484ECCC-08A5-44F9-AAAD-FF5A75D7B2F8}.Debug|x64.ActiveCfg = Debug|Any CPU
		{0484ECCC-08A5-44F9-AAAD-FF5A75D7B2F8}.Debug|x64.Build.0 = Debug|Any CPU
		{0484ECCC-08A5-44F9-AAAD-FF5A75D7B2F8}.Debug|x86.ActiveCfg = Debug|Any CPU
		{0484ECCC-08A5-44F9-AAAD-FF5A75D7B2F8}.Debug|x86.Build.0 = Debug|Any CPU
		{0484ECCC-08A5-44F9-AAAD-FF5A75D7B2F8}.Release|Any CPU.ActiveCfg = Release|Any CPU
		{0484ECCC-08A5-44F9-AAAD-FF5A75D7B2F8}.Release|Any CPU.Build.0 = Release|Any CPU
		{0484ECCC-08A5-44F9-AAAD-FF5A75D7B2F8}.Release|x64.ActiveCfg = Release|Any CPU
		{0484ECCC-08A5-44F9-AAAD-FF5A75D7B2F8}.Release|x64.Build.0 = Release|Any CPU
		{0484ECCC-08A5-44F9-AAAD-FF5A75D7B2F8}.Release|x86.ActiveCfg = Release|Any CPU
		{0484ECCC-08A5-44F9-AAAD-FF5A75D7B2F8}.Release|x86.Build.0 = Release|Any CPU
		{BA1A93E3-367F-4404-9163-871530C62FA7}.Debug|Any CPU.ActiveCfg = Debug|Any CPU
		{BA1A93E3-367F-4404-9163-871530C62FA7}.Debug|Any CPU.Build.0 = Debug|Any CPU
		{BA1A93E3-367F-4404-9163-871530C62FA7}.Debug|x64.ActiveCfg = Debug|Any CPU
		{BA1A93E3-367F-4404-9163-871530C62FA7}.Debug|x64.Build.0 = Debug|Any CPU
		{BA1A93E3-367F-4404-9163-871530C62FA7}.Debug|x86.ActiveCfg = Debug|Any CPU
		{BA1A93E3-367F-4404-9163-871530C62FA7}.Debug|x86.Build.0 = Debug|Any CPU
		{BA1A93E3-367F-4404-9163-871530C62FA7}.Release|Any CPU.ActiveCfg = Release|Any CPU
		{BA1A93E3-367F-4404-9163-871530C62FA7}.Release|Any CPU.Build.0 = Release|Any CPU
		{BA1A93E3-367F-4404-9163-871530C62FA7}.Release|x64.ActiveCfg = Release|Any CPU
		{BA1A93E3-367F-4404-9163-871530C62FA7}.Release|x64.Build.0 = Release|Any CPU
		{BA1A93E3-367F-4404-9163-871530C62FA7}.Release|x86.ActiveCfg = Release|Any CPU
		{BA1A93E3-367F-4404-9163-871530C62FA7}.Release|x86.Build.0 = Release|Any CPU
		{21C2E1D7-0B36-4E84-8CD2-FE7D0ECB1E82}.Debug|Any CPU.ActiveCfg = Debug|Any CPU
		{21C2E1D7-0B36-4E84-8CD2-FE7D0ECB1E82}.Debug|Any CPU.Build.0 = Debug|Any CPU
		{21C2E1D7-0B36-4E84-8CD2-FE7D0ECB1E82}.Debug|x64.ActiveCfg = Debug|Any CPU
		{21C2E1D7-0B36-4E84-8CD2-FE7D0ECB1E82}.Debug|x64.Build.0 = Debug|Any CPU
		{21C2E1D7-0B36-4E84-8CD2-FE7D0ECB1E82}.Debug|x86.ActiveCfg = Debug|Any CPU
		{21C2E1D7-0B36-4E84-8CD2-FE7D0ECB1E82}.Debug|x86.Build.0 = Debug|Any CPU
		{21C2E1D7-0B36-4E84-8CD2-FE7D0ECB1E82}.Release|Any CPU.ActiveCfg = Release|Any CPU
		{21C2E1D7-0B36-4E84-8CD2-FE7D0ECB1E82}.Release|Any CPU.Build.0 = Release|Any CPU
		{21C2E1D7-0B36-4E84-8CD2-FE7D0ECB1E82}.Release|x64.ActiveCfg = Release|Any CPU
		{21C2E1D7-0B36-4E84-8CD2-FE7D0ECB1E82}.Release|x64.Build.0 = Release|Any CPU
		{21C2E1D7-0B36-4E84-8CD2-FE7D0ECB1E82}.Release|x86.ActiveCfg = Release|Any CPU
		{21C2E1D7-0B36-4E84-8CD2-FE7D0ECB1E82}.Release|x86.Build.0 = Release|Any CPU
		{F08D2E51-A35A-4574-A1B0-EE8C6DC20598}.Debug|Any CPU.ActiveCfg = Debug|Any CPU
		{F08D2E51-A35A-4574-A1B0-EE8C6DC20598}.Debug|Any CPU.Build.0 = Debug|Any CPU
		{F08D2E51-A35A-4574-A1B0-EE8C6DC20598}.Debug|x64.ActiveCfg = Debug|Any CPU
		{F08D2E51-A35A-4574-A1B0-EE8C6DC20598}.Debug|x64.Build.0 = Debug|Any CPU
		{F08D2E51-A35A-4574-A1B0-EE8C6DC20598}.Debug|x86.ActiveCfg = Debug|Any CPU
		{F08D2E51-A35A-4574-A1B0-EE8C6DC20598}.Debug|x86.Build.0 = Debug|Any CPU
		{F08D2E51-A35A-4574-A1B0-EE8C6DC20598}.Release|Any CPU.ActiveCfg = Release|Any CPU
		{F08D2E51-A35A-4574-A1B0-EE8C6DC20598}.Release|Any CPU.Build.0 = Release|Any CPU
		{F08D2E51-A35A-4574-A1B0-EE8C6DC20598}.Release|x64.ActiveCfg = Release|Any CPU
		{F08D2E51-A35A-4574-A1B0-EE8C6DC20598}.Release|x64.Build.0 = Release|Any CPU
		{F08D2E51-A35A-4574-A1B0-EE8C6DC20598}.Release|x86.ActiveCfg = Release|Any CPU
		{F08D2E51-A35A-4574-A1B0-EE8C6DC20598}.Release|x86.Build.0 = Release|Any CPU
		{CE97E8D4-12E9-4AFD-AA37-F20DEFD6271F}.Debug|Any CPU.ActiveCfg = Debug|Any CPU
		{CE97E8D4-12E9-4AFD-AA37-F20DEFD6271F}.Debug|Any CPU.Build.0 = Debug|Any CPU
		{CE97E8D4-12E9-4AFD-AA37-F20DEFD6271F}.Debug|x64.ActiveCfg = Debug|Any CPU
		{CE97E8D4-12E9-4AFD-AA37-F20DEFD6271F}.Debug|x64.Build.0 = Debug|Any CPU
		{CE97E8D4-12E9-4AFD-AA37-F20DEFD6271F}.Debug|x86.ActiveCfg = Debug|Any CPU
		{CE97E8D4-12E9-4AFD-AA37-F20DEFD6271F}.Debug|x86.Build.0 = Debug|Any CPU
		{CE97E8D4-12E9-4AFD-AA37-F20DEFD6271F}.Release|Any CPU.ActiveCfg = Release|Any CPU
		{CE97E8D4-12E9-4AFD-AA37-F20DEFD6271F}.Release|Any CPU.Build.0 = Release|Any CPU
		{CE97E8D4-12E9-4AFD-AA37-F20DEFD6271F}.Release|x64.ActiveCfg = Release|Any CPU
		{CE97E8D4-12E9-4AFD-AA37-F20DEFD6271F}.Release|x64.Build.0 = Release|Any CPU
		{CE97E8D4-12E9-4AFD-AA37-F20DEFD6271F}.Release|x86.ActiveCfg = Release|Any CPU
		{CE97E8D4-12E9-4AFD-AA37-F20DEFD6271F}.Release|x86.Build.0 = Release|Any CPU
		{6A92AC10-6D7C-4AF5-A860-D457D95B8731}.Debug|Any CPU.ActiveCfg = Debug|Any CPU
		{6A92AC10-6D7C-4AF5-A860-D457D95B8731}.Debug|Any CPU.Build.0 = Debug|Any CPU
		{6A92AC10-6D7C-4AF5-A860-D457D95B8731}.Debug|x64.ActiveCfg = Debug|Any CPU
		{6A92AC10-6D7C-4AF5-A860-D457D95B8731}.Debug|x64.Build.0 = Debug|Any CPU
		{6A92AC10-6D7C-4AF5-A860-D457D95B8731}.Debug|x86.ActiveCfg = Debug|Any CPU
		{6A92AC10-6D7C-4AF5-A860-D457D95B8731}.Debug|x86.Build.0 = Debug|Any CPU
		{6A92AC10-6D7C-4AF5-A860-D457D95B8731}.Release|Any CPU.ActiveCfg = Release|Any CPU
		{6A92AC10-6D7C-4AF5-A860-D457D95B8731}.Release|Any CPU.Build.0 = Release|Any CPU
		{6A92AC10-6D7C-4AF5-A860-D457D95B8731}.Release|x64.ActiveCfg = Release|Any CPU
		{6A92AC10-6D7C-4AF5-A860-D457D95B8731}.Release|x64.Build.0 = Release|Any CPU
		{6A92AC10-6D7C-4AF5-A860-D457D95B8731}.Release|x86.ActiveCfg = Release|Any CPU
		{6A92AC10-6D7C-4AF5-A860-D457D95B8731}.Release|x86.Build.0 = Release|Any CPU
		{020C25E7-3F93-4027-A953-30C4E424D67C}.Debug|Any CPU.ActiveCfg = Debug|Any CPU
		{020C25E7-3F93-4027-A953-30C4E424D67C}.Debug|Any CPU.Build.0 = Debug|Any CPU
		{020C25E7-3F93-4027-A953-30C4E424D67C}.Debug|x64.ActiveCfg = Debug|Any CPU
		{020C25E7-3F93-4027-A953-30C4E424D67C}.Debug|x64.Build.0 = Debug|Any CPU
		{020C25E7-3F93-4027-A953-30C4E424D67C}.Debug|x86.ActiveCfg = Debug|Any CPU
		{020C25E7-3F93-4027-A953-30C4E424D67C}.Debug|x86.Build.0 = Debug|Any CPU
		{020C25E7-3F93-4027-A953-30C4E424D67C}.Release|Any CPU.ActiveCfg = Release|Any CPU
		{020C25E7-3F93-4027-A953-30C4E424D67C}.Release|Any CPU.Build.0 = Release|Any CPU
		{020C25E7-3F93-4027-A953-30C4E424D67C}.Release|x64.ActiveCfg = Release|Any CPU
		{020C25E7-3F93-4027-A953-30C4E424D67C}.Release|x64.Build.0 = Release|Any CPU
		{020C25E7-3F93-4027-A953-30C4E424D67C}.Release|x86.ActiveCfg = Release|Any CPU
		{020C25E7-3F93-4027-A953-30C4E424D67C}.Release|x86.Build.0 = Release|Any CPU
		{72A67827-FBBE-4700-9893-15A951720107}.Debug|Any CPU.ActiveCfg = Debug|Any CPU
		{72A67827-FBBE-4700-9893-15A951720107}.Debug|Any CPU.Build.0 = Debug|Any CPU
		{72A67827-FBBE-4700-9893-15A951720107}.Debug|x64.ActiveCfg = Debug|Any CPU
		{72A67827-FBBE-4700-9893-15A951720107}.Debug|x64.Build.0 = Debug|Any CPU
		{72A67827-FBBE-4700-9893-15A951720107}.Debug|x86.ActiveCfg = Debug|Any CPU
		{72A67827-FBBE-4700-9893-15A951720107}.Debug|x86.Build.0 = Debug|Any CPU
		{72A67827-FBBE-4700-9893-15A951720107}.Release|Any CPU.ActiveCfg = Release|Any CPU
		{72A67827-FBBE-4700-9893-15A951720107}.Release|Any CPU.Build.0 = Release|Any CPU
		{72A67827-FBBE-4700-9893-15A951720107}.Release|x64.ActiveCfg = Release|Any CPU
		{72A67827-FBBE-4700-9893-15A951720107}.Release|x64.Build.0 = Release|Any CPU
		{72A67827-FBBE-4700-9893-15A951720107}.Release|x86.ActiveCfg = Release|Any CPU
		{72A67827-FBBE-4700-9893-15A951720107}.Release|x86.Build.0 = Release|Any CPU
		{30EDFAF0-F3FE-46B3-9B2E-FFAAF6EBAEF9}.Debug|Any CPU.ActiveCfg = Debug|Any CPU
		{30EDFAF0-F3FE-46B3-9B2E-FFAAF6EBAEF9}.Debug|Any CPU.Build.0 = Debug|Any CPU
		{30EDFAF0-F3FE-46B3-9B2E-FFAAF6EBAEF9}.Debug|x64.ActiveCfg = Debug|Any CPU
		{30EDFAF0-F3FE-46B3-9B2E-FFAAF6EBAEF9}.Debug|x64.Build.0 = Debug|Any CPU
		{30EDFAF0-F3FE-46B3-9B2E-FFAAF6EBAEF9}.Debug|x86.ActiveCfg = Debug|Any CPU
		{30EDFAF0-F3FE-46B3-9B2E-FFAAF6EBAEF9}.Debug|x86.Build.0 = Debug|Any CPU
		{30EDFAF0-F3FE-46B3-9B2E-FFAAF6EBAEF9}.Release|Any CPU.ActiveCfg = Release|Any CPU
		{30EDFAF0-F3FE-46B3-9B2E-FFAAF6EBAEF9}.Release|Any CPU.Build.0 = Release|Any CPU
		{30EDFAF0-F3FE-46B3-9B2E-FFAAF6EBAEF9}.Release|x64.ActiveCfg = Release|Any CPU
		{30EDFAF0-F3FE-46B3-9B2E-FFAAF6EBAEF9}.Release|x64.Build.0 = Release|Any CPU
		{30EDFAF0-F3FE-46B3-9B2E-FFAAF6EBAEF9}.Release|x86.ActiveCfg = Release|Any CPU
		{30EDFAF0-F3FE-46B3-9B2E-FFAAF6EBAEF9}.Release|x86.Build.0 = Release|Any CPU
		{16E7A884-C956-4A81-8DE2-EA079928EFA5}.Debug|Any CPU.ActiveCfg = Debug|Any CPU
		{16E7A884-C956-4A81-8DE2-EA079928EFA5}.Debug|Any CPU.Build.0 = Debug|Any CPU
		{16E7A884-C956-4A81-8DE2-EA079928EFA5}.Debug|x64.ActiveCfg = Debug|Any CPU
		{16E7A884-C956-4A81-8DE2-EA079928EFA5}.Debug|x64.Build.0 = Debug|Any CPU
		{16E7A884-C956-4A81-8DE2-EA079928EFA5}.Debug|x86.ActiveCfg = Debug|Any CPU
		{16E7A884-C956-4A81-8DE2-EA079928EFA5}.Debug|x86.Build.0 = Debug|Any CPU
		{16E7A884-C956-4A81-8DE2-EA079928EFA5}.Release|Any CPU.ActiveCfg = Release|Any CPU
		{16E7A884-C956-4A81-8DE2-EA079928EFA5}.Release|Any CPU.Build.0 = Release|Any CPU
		{16E7A884-C956-4A81-8DE2-EA079928EFA5}.Release|x64.ActiveCfg = Release|Any CPU
		{16E7A884-C956-4A81-8DE2-EA079928EFA5}.Release|x64.Build.0 = Release|Any CPU
		{16E7A884-C956-4A81-8DE2-EA079928EFA5}.Release|x86.ActiveCfg = Release|Any CPU
		{16E7A884-C956-4A81-8DE2-EA079928EFA5}.Release|x86.Build.0 = Release|Any CPU
		{59EE9FCD-6CD9-46AC-9943-74620E17C847}.Debug|Any CPU.ActiveCfg = Debug|Any CPU
		{59EE9FCD-6CD9-46AC-9943-74620E17C847}.Debug|Any CPU.Build.0 = Debug|Any CPU
		{59EE9FCD-6CD9-46AC-9943-74620E17C847}.Debug|x64.ActiveCfg = Debug|Any CPU
		{59EE9FCD-6CD9-46AC-9943-74620E17C847}.Debug|x64.Build.0 = Debug|Any CPU
		{59EE9FCD-6CD9-46AC-9943-74620E17C847}.Debug|x86.ActiveCfg = Debug|Any CPU
		{59EE9FCD-6CD9-46AC-9943-74620E17C847}.Debug|x86.Build.0 = Debug|Any CPU
		{59EE9FCD-6CD9-46AC-9943-74620E17C847}.Release|Any CPU.ActiveCfg = Release|Any CPU
		{59EE9FCD-6CD9-46AC-9943-74620E17C847}.Release|Any CPU.Build.0 = Release|Any CPU
		{59EE9FCD-6CD9-46AC-9943-74620E17C847}.Release|x64.ActiveCfg = Release|Any CPU
		{59EE9FCD-6CD9-46AC-9943-74620E17C847}.Release|x64.Build.0 = Release|Any CPU
		{59EE9FCD-6CD9-46AC-9943-74620E17C847}.Release|x86.ActiveCfg = Release|Any CPU
		{59EE9FCD-6CD9-46AC-9943-74620E17C847}.Release|x86.Build.0 = Release|Any CPU
		{5151F4E7-FC7D-446F-AC0E-D935C4CA532C}.Debug|Any CPU.ActiveCfg = Debug|Any CPU
		{5151F4E7-FC7D-446F-AC0E-D935C4CA532C}.Debug|Any CPU.Build.0 = Debug|Any CPU
		{5151F4E7-FC7D-446F-AC0E-D935C4CA532C}.Debug|x64.ActiveCfg = Debug|Any CPU
		{5151F4E7-FC7D-446F-AC0E-D935C4CA532C}.Debug|x64.Build.0 = Debug|Any CPU
		{5151F4E7-FC7D-446F-AC0E-D935C4CA532C}.Debug|x86.ActiveCfg = Debug|Any CPU
		{5151F4E7-FC7D-446F-AC0E-D935C4CA532C}.Debug|x86.Build.0 = Debug|Any CPU
		{5151F4E7-FC7D-446F-AC0E-D935C4CA532C}.Release|Any CPU.ActiveCfg = Release|Any CPU
		{5151F4E7-FC7D-446F-AC0E-D935C4CA532C}.Release|Any CPU.Build.0 = Release|Any CPU
		{5151F4E7-FC7D-446F-AC0E-D935C4CA532C}.Release|x64.ActiveCfg = Release|Any CPU
		{5151F4E7-FC7D-446F-AC0E-D935C4CA532C}.Release|x64.Build.0 = Release|Any CPU
		{5151F4E7-FC7D-446F-AC0E-D935C4CA532C}.Release|x86.ActiveCfg = Release|Any CPU
		{5151F4E7-FC7D-446F-AC0E-D935C4CA532C}.Release|x86.Build.0 = Release|Any CPU
	EndGlobalSection
	GlobalSection(SolutionProperties) = preSolution
		HideSolutionNode = FALSE
	EndGlobalSection
	GlobalSection(NestedProjects) = preSolution
		{7EA30B29-233B-4A20-B817-2C13249D954C} = {7854A0EB-7043-4152-914D-7C3B39026B37}
		{FA87BD5B-9A1B-4FB3-8E3F-D61F20BC6606} = {7854A0EB-7043-4152-914D-7C3B39026B37}
		{C36D5625-8C99-473C-AF09-2CD796CD0533} = {FDC21E20-CDBD-4471-84B5-04B48BB548D0}
		{290F60EE-1936-4A3C-A38B-C402FCBC410B} = {FDC21E20-CDBD-4471-84B5-04B48BB548D0}
		{849EC7FC-E606-4A1F-B62A-750EA7D8D91C} = {FDC21E20-CDBD-4471-84B5-04B48BB548D0}
		{18DF6A8E-7F2B-4B2B-B944-4326F42756A2} = {7D4BCC5A-80E1-4A10-A870-E6DBEB4B9A24}
		{2AF07D60-3295-408E-9BD9-CF829571906E} = {7D4BCC5A-80E1-4A10-A870-E6DBEB4B9A24}
		{3852F0C1-B7A7-4840-8274-14DBE93B1D77} = {7D4BCC5A-80E1-4A10-A870-E6DBEB4B9A24}
		{979E45F7-DA44-41E2-B345-2CE20E74F55F} = {6E74D062-9EDB-48F1-942E-695D33145EDD}
		{1517E65A-D84C-4A2C-9967-1F6C0011216B} = {6E74D062-9EDB-48F1-942E-695D33145EDD}
		{0484ECCC-08A5-44F9-AAAD-FF5A75D7B2F8} = {6E74D062-9EDB-48F1-942E-695D33145EDD}
		{BA1A93E3-367F-4404-9163-871530C62FA7} = {7854A0EB-7043-4152-914D-7C3B39026B37}
		{21C2E1D7-0B36-4E84-8CD2-FE7D0ECB1E82} = {77212D4C-1DE1-4BBA-A7ED-6C83D10CEDC1}
		{F08D2E51-A35A-4574-A1B0-EE8C6DC20598} = {77212D4C-1DE1-4BBA-A7ED-6C83D10CEDC1}
		{CE97E8D4-12E9-4AFD-AA37-F20DEFD6271F} = {43C4FF85-5B28-4A3E-9FB6-398E52D9FC35}
		{6A92AC10-6D7C-4AF5-A860-D457D95B8731} = {43C4FF85-5B28-4A3E-9FB6-398E52D9FC35}
		{020C25E7-3F93-4027-A953-30C4E424D67C} = {7C882B71-0407-41B1-8038-791A8BE21778}
		{72A67827-FBBE-4700-9893-15A951720107} = {7C882B71-0407-41B1-8038-791A8BE21778}
		{30EDFAF0-F3FE-46B3-9B2E-FFAAF6EBAEF9} = {7854A0EB-7043-4152-914D-7C3B39026B37}
		{16E7A884-C956-4A81-8DE2-EA079928EFA5} = {7854A0EB-7043-4152-914D-7C3B39026B37}
		{59EE9FCD-6CD9-46AC-9943-74620E17C847} = {7C882B71-0407-41B1-8038-791A8BE21778}
		{5151F4E7-FC7D-446F-AC0E-D935C4CA532C} = {7D4BCC5A-80E1-4A10-A870-E6DBEB4B9A24}
	EndGlobalSection
EndGlobal
