
Microsoft Visual Studio Solution File, Format Version 12.00
# Visual Studio Version 17
VisualStudioVersion = 17.0.31903.59
MinimumVisualStudioVersion = 10.0.40219.1
Project("{2150E333-8FDC-42A3-9474-1A3956D46DE8}") = "User", "User", "{7854A0EB-7043-4152-914D-7C3B39026B37}"
EndProject
Project("{FAE04EC0-301F-11D3-BF4B-00C04F79EFBC}") = "User-Data", "User\User-Data\User-Data.csproj", "{ACEFC8B0-E0DF-4DC2-8BFD-E4A97F5546B0}"
EndProject
Project("{FAE04EC0-301F-11D3-BF4B-00C04F79EFBC}") = "User-Core", "User\User-Core\User-Core.csproj", "{7EA30B29-233B-4A20-B817-2C13249D954C}"
EndProject
Project("{FAE04EC0-301F-11D3-BF4B-00C04F79EFBC}") = "User-Api", "User\User-Api\User-Api.csproj", "{FA87BD5B-9A1B-4FB3-8E3F-D61F20BC6606}"
EndProject
Project("{2150E333-8FDC-42A3-9474-1A3956D46DE8}") = "Order", "Order", "{FDC21E20-CDBD-4471-84B5-04B48BB548D0}"
EndProject
Project("{FAE04EC0-301F-11D3-BF4B-00C04F79EFBC}") = "Order-Data", "Order\Order-Data\Order-Data.csproj", "{C36D5625-8C99-473C-AF09-2CD796CD0533}"
EndProject
Project("{FAE04EC0-301F-11D3-BF4B-00C04F79EFBC}") = "Order-Core", "Order\Order-Core\Order-Core.csproj", "{290F60EE-1936-4A3C-A38B-C402FCBC410B}"
EndProject
Project("{FAE04EC0-301F-11D3-BF4B-00C04F79EFBC}") = "Order-Api", "Order\Order-Api\Order-Api.csproj", "{849EC7FC-E606-4A1F-B62A-750EA7D8D91C}"
EndProject
Project("{2150E333-8FDC-42A3-9474-1A3956D46DE8}") = "Product", "Product", "{7D4BCC5A-80E1-4A10-A870-E6DBEB4B9A24}"
EndProject
Project("{FAE04EC0-301F-11D3-BF4B-00C04F79EFBC}") = "Product-Api", "Product\Product-Api\Product-Api.csproj", "{18DF6A8E-7F2B-4B2B-B944-4326F42756A2}"
EndProject
Project("{FAE04EC0-301F-11D3-BF4B-00C04F79EFBC}") = "Product-Core", "Product\Product-Core\Product-Core.csproj", "{2AF07D60-3295-408E-9BD9-CF829571906E}"
EndProject
Project("{FAE04EC0-301F-11D3-BF4B-00C04F79EFBC}") = "Product-Data", "Product\Product-Data\Product-Data.csproj", "{3852F0C1-B7A7-4840-8274-14DBE93B1D77}"
EndProject
Project("{2150E333-8FDC-42A3-9474-1A3956D46DE8}") = "Cart", "Cart", "{6E74D062-9EDB-48F1-942E-695D33145EDD}"
EndProject
Project("{FAE04EC0-301F-11D3-BF4B-00C04F79EFBC}") = "Cart-Data", "Cart\Cart-Data\Cart-Data.csproj", "{979E45F7-DA44-41E2-B345-2CE20E74F55F}"
EndProject
Project("{FAE04EC0-301F-11D3-BF4B-00C04F79EFBC}") = "Cart-Core", "Cart\Cart-Core\Cart-Core.csproj", "{1517E65A-D84C-4A2C-9967-1F6C0011216B}"
EndProject
Project("{FAE04EC0-301F-11D3-BF4B-00C04F79EFBC}") = "Cart-Api", "Cart\Cart-Api\Cart-Api.csproj", "{0484ECCC-08A5-44F9-AAAD-FF5A75D7B2F8}"
EndProject
Project("{FAE04EC0-301F-11D3-BF4B-00C04F79EFBC}") = "User-AzureFunctions", "User\User-AzureFunctions\User-AzureFunctions.csproj", "{BA1A93E3-367F-4404-9163-871530C62FA7}"
EndProject
Project("{2150E333-8FDC-42A3-9474-1A3956D46DE8}") = "UI", "UI", "{77212D4C-1DE1-4BBA-A7ED-6C83D10CEDC1}"
EndProject
Project("{FAE04EC0-301F-11D3-BF4B-00C04F79EFBC}") = "E-Commerce", "UI\E-Commerce\E-Commerce.csproj", "{21C2E1D7-0B36-4E84-8CD2-FE7D0ECB1E82}"
EndProject
Project("{FAE04EC0-301F-11D3-BF4B-00C04F79EFBC}") = "ApiServices", "UI\ApiServices\ApiServices.csproj", "{F08D2E51-A35A-4574-A1B0-EE8C6DC20598}"
EndProject
Project("{2150E333-8FDC-42A3-9474-1A3956D46DE8}") = "Auth", "Auth", "{4A5B5C27-BD89-44E2-BB9D-E4E214AFC357}"
EndProject
Project("{FAE04EC0-301F-11D3-BF4B-00C04F79EFBC}") = "AuthApi", "Auth\AuthApi\AuthApi.csproj", "{23366F44-152C-4D0E-BAD6-28679575D31C}"
EndProject
Global
	GlobalSection(SolutionConfigurationPlatforms) = preSolution
		Debug|Any CPU = Debug|Any CPU
		Release|Any CPU = Release|Any CPU
	EndGlobalSection
	GlobalSection(ProjectConfigurationPlatforms) = postSolution
		{ACEFC8B0-E0DF-4DC2-8BFD-E4A97F5546B0}.Debug|Any CPU.ActiveCfg = Debug|Any CPU
		{ACEFC8B0-E0DF-4DC2-8BFD-E4A97F5546B0}.Debug|Any CPU.Build.0 = Debug|Any CPU
		{ACEFC8B0-E0DF-4DC2-8BFD-E4A97F5546B0}.Release|Any CPU.ActiveCfg = Release|Any CPU
		{ACEFC8B0-E0DF-4DC2-8BFD-E4A97F5546B0}.Release|Any CPU.Build.0 = Release|Any CPU
		{7EA30B29-233B-4A20-B817-2C13249D954C}.Debug|Any CPU.ActiveCfg = Debug|Any CPU
		{7EA30B29-233B-4A20-B817-2C13249D954C}.Debug|Any CPU.Build.0 = Debug|Any CPU
		{7EA30B29-233B-4A20-B817-2C13249D954C}.Release|Any CPU.ActiveCfg = Release|Any CPU
		{7EA30B29-233B-4A20-B817-2C13249D954C}.Release|Any CPU.Build.0 = Release|Any CPU
		{FA87BD5B-9A1B-4FB3-8E3F-D61F20BC6606}.Debug|Any CPU.ActiveCfg = Debug|Any CPU
		{FA87BD5B-9A1B-4FB3-8E3F-D61F20BC6606}.Debug|Any CPU.Build.0 = Debug|Any CPU
		{FA87BD5B-9A1B-4FB3-8E3F-D61F20BC6606}.Release|Any CPU.ActiveCfg = Release|Any CPU
		{FA87BD5B-9A1B-4FB3-8E3F-D61F20BC6606}.Release|Any CPU.Build.0 = Release|Any CPU
		{C36D5625-8C99-473C-AF09-2CD796CD0533}.Debug|Any CPU.ActiveCfg = Debug|Any CPU
		{C36D5625-8C99-473C-AF09-2CD796CD0533}.Debug|Any CPU.Build.0 = Debug|Any CPU
		{C36D5625-8C99-473C-AF09-2CD796CD0533}.Release|Any CPU.ActiveCfg = Release|Any CPU
		{C36D5625-8C99-473C-AF09-2CD796CD0533}.Release|Any CPU.Build.0 = Release|Any CPU
		{290F60EE-1936-4A3C-A38B-C402FCBC410B}.Debug|Any CPU.ActiveCfg = Debug|Any CPU
		{290F60EE-1936-4A3C-A38B-C402FCBC410B}.Debug|Any CPU.Build.0 = Debug|Any CPU
		{290F60EE-1936-4A3C-A38B-C402FCBC410B}.Release|Any CPU.ActiveCfg = Release|Any CPU
		{290F60EE-1936-4A3C-A38B-C402FCBC410B}.Release|Any CPU.Build.0 = Release|Any CPU
		{849EC7FC-E606-4A1F-B62A-750EA7D8D91C}.Debug|Any CPU.ActiveCfg = Debug|Any CPU
		{849EC7FC-E606-4A1F-B62A-750EA7D8D91C}.Debug|Any CPU.Build.0 = Debug|Any CPU
		{849EC7FC-E606-4A1F-B62A-750EA7D8D91C}.Release|Any CPU.ActiveCfg = Release|Any CPU
		{849EC7FC-E606-4A1F-B62A-750EA7D8D91C}.Release|Any CPU.Build.0 = Release|Any CPU
		{18DF6A8E-7F2B-4B2B-B944-4326F42756A2}.Debug|Any CPU.ActiveCfg = Debug|Any CPU
		{18DF6A8E-7F2B-4B2B-B944-4326F42756A2}.Debug|Any CPU.Build.0 = Debug|Any CPU
		{18DF6A8E-7F2B-4B2B-B944-4326F42756A2}.Release|Any CPU.ActiveCfg = Release|Any CPU
		{18DF6A8E-7F2B-4B2B-B944-4326F42756A2}.Release|Any CPU.Build.0 = Release|Any CPU
		{2AF07D60-3295-408E-9BD9-CF829571906E}.Debug|Any CPU.ActiveCfg = Debug|Any CPU
		{2AF07D60-3295-408E-9BD9-CF829571906E}.Debug|Any CPU.Build.0 = Debug|Any CPU
		{2AF07D60-3295-408E-9BD9-CF829571906E}.Release|Any CPU.ActiveCfg = Release|Any CPU
		{2AF07D60-3295-408E-9BD9-CF829571906E}.Release|Any CPU.Build.0 = Release|Any CPU
		{3852F0C1-B7A7-4840-8274-14DBE93B1D77}.Debug|Any CPU.ActiveCfg = Debug|Any CPU
		{3852F0C1-B7A7-4840-8274-14DBE93B1D77}.Debug|Any CPU.Build.0 = Debug|Any CPU
		{3852F0C1-B7A7-4840-8274-14DBE93B1D77}.Release|Any CPU.ActiveCfg = Release|Any CPU
		{3852F0C1-B7A7-4840-8274-14DBE93B1D77}.Release|Any CPU.Build.0 = Release|Any CPU
		{979E45F7-DA44-41E2-B345-2CE20E74F55F}.Debug|Any CPU.ActiveCfg = Debug|Any CPU
		{979E45F7-DA44-41E2-B345-2CE20E74F55F}.Debug|Any CPU.Build.0 = Debug|Any CPU
		{979E45F7-DA44-41E2-B345-2CE20E74F55F}.Release|Any CPU.ActiveCfg = Release|Any CPU
		{979E45F7-DA44-41E2-B345-2CE20E74F55F}.Release|Any CPU.Build.0 = Release|Any CPU
		{1517E65A-D84C-4A2C-9967-1F6C0011216B}.Debug|Any CPU.ActiveCfg = Debug|Any CPU
		{1517E65A-D84C-4A2C-9967-1F6C0011216B}.Debug|Any CPU.Build.0 = Debug|Any CPU
		{1517E65A-D84C-4A2C-9967-1F6C0011216B}.Release|Any CPU.ActiveCfg = Release|Any CPU
		{1517E65A-D84C-4A2C-9967-1F6C0011216B}.Release|Any CPU.Build.0 = Release|Any CPU
		{0484ECCC-08A5-44F9-AAAD-FF5A75D7B2F8}.Debug|Any CPU.ActiveCfg = Debug|Any CPU
		{0484ECCC-08A5-44F9-AAAD-FF5A75D7B2F8}.Debug|Any CPU.Build.0 = Debug|Any CPU
		{0484ECCC-08A5-44F9-AAAD-FF5A75D7B2F8}.Release|Any CPU.ActiveCfg = Release|Any CPU
		{0484ECCC-08A5-44F9-AAAD-FF5A75D7B2F8}.Release|Any CPU.Build.0 = Release|Any CPU
		{BA1A93E3-367F-4404-9163-871530C62FA7}.Debug|Any CPU.ActiveCfg = Debug|Any CPU
		{BA1A93E3-367F-4404-9163-871530C62FA7}.Debug|Any CPU.Build.0 = Debug|Any CPU
		{BA1A93E3-367F-4404-9163-871530C62FA7}.Release|Any CPU.ActiveCfg = Release|Any CPU
		{BA1A93E3-367F-4404-9163-871530C62FA7}.Release|Any CPU.Build.0 = Release|Any CPU
		{21C2E1D7-0B36-4E84-8CD2-FE7D0ECB1E82}.Debug|Any CPU.ActiveCfg = Debug|Any CPU
		{21C2E1D7-0B36-4E84-8CD2-FE7D0ECB1E82}.Debug|Any CPU.Build.0 = Debug|Any CPU
		{21C2E1D7-0B36-4E84-8CD2-FE7D0ECB1E82}.Release|Any CPU.ActiveCfg = Release|Any CPU
		{21C2E1D7-0B36-4E84-8CD2-FE7D0ECB1E82}.Release|Any CPU.Build.0 = Release|Any CPU
		{F08D2E51-A35A-4574-A1B0-EE8C6DC20598}.Debug|Any CPU.ActiveCfg = Debug|Any CPU
		{F08D2E51-A35A-4574-A1B0-EE8C6DC20598}.Debug|Any CPU.Build.0 = Debug|Any CPU
		{F08D2E51-A35A-4574-A1B0-EE8C6DC20598}.Release|Any CPU.ActiveCfg = Release|Any CPU
		{F08D2E51-A35A-4574-A1B0-EE8C6DC20598}.Release|Any CPU.Build.0 = Release|Any CPU
		{23366F44-152C-4D0E-BAD6-28679575D31C}.Debug|Any CPU.ActiveCfg = Debug|Any CPU
		{23366F44-152C-4D0E-BAD6-28679575D31C}.Debug|Any CPU.Build.0 = Debug|Any CPU
		{23366F44-152C-4D0E-BAD6-28679575D31C}.Release|Any CPU.ActiveCfg = Release|Any CPU
		{23366F44-152C-4D0E-BAD6-28679575D31C}.Release|Any CPU.Build.0 = Release|Any CPU
	EndGlobalSection
	GlobalSection(SolutionProperties) = preSolution
		HideSolutionNode = FALSE
	EndGlobalSection
	GlobalSection(NestedProjects) = preSolution
		{ACEFC8B0-E0DF-4DC2-8BFD-E4A97F5546B0} = {7854A0EB-7043-4152-914D-7C3B39026B37}
		{7EA30B29-233B-4A20-B817-2C13249D954C} = {7854A0EB-7043-4152-914D-7C3B39026B37}
		{FA87BD5B-9A1B-4FB3-8E3F-D61F20BC6606} = {7854A0EB-7043-4152-914D-7C3B39026B37}
		{C36D5625-8C99-473C-AF09-2CD796CD0533} = {FDC21E20-CDBD-4471-84B5-04B48BB548D0}
		{290F60EE-1936-4A3C-A38B-C402FCBC410B} = {FDC21E20-CDBD-4471-84B5-04B48BB548D0}
		{849EC7FC-E606-4A1F-B62A-750EA7D8D91C} = {FDC21E20-CDBD-4471-84B5-04B48BB548D0}
		{18DF6A8E-7F2B-4B2B-B944-4326F42756A2} = {7D4BCC5A-80E1-4A10-A870-E6DBEB4B9A24}
		{2AF07D60-3295-408E-9BD9-CF829571906E} = {7D4BCC5A-80E1-4A10-A870-E6DBEB4B9A24}
		{3852F0C1-B7A7-4840-8274-14DBE93B1D77} = {7D4BCC5A-80E1-4A10-A870-E6DBEB4B9A24}
		{979E45F7-DA44-41E2-B345-2CE20E74F55F} = {6E74D062-9EDB-48F1-942E-695D33145EDD}
		{1517E65A-D84C-4A2C-9967-1F6C0011216B} = {6E74D062-9EDB-48F1-942E-695D33145EDD}
		{0484ECCC-08A5-44F9-AAAD-FF5A75D7B2F8} = {6E74D062-9EDB-48F1-942E-695D33145EDD}
		{BA1A93E3-367F-4404-9163-871530C62FA7} = {7854A0EB-7043-4152-914D-7C3B39026B37}
		{21C2E1D7-0B36-4E84-8CD2-FE7D0ECB1E82} = {77212D4C-1DE1-4BBA-A7ED-6C83D10CEDC1}
		{F08D2E51-A35A-4574-A1B0-EE8C6DC20598} = {77212D4C-1DE1-4BBA-A7ED-6C83D10CEDC1}
		{23366F44-152C-4D0E-BAD6-28679575D31C} = {4A5B5C27-BD89-44E2-BB9D-E4E214AFC357}
	EndGlobalSection
EndGlobal
